# This file is autogenerated, do not edit; changes may be undone by the next 'dep ensure'.


[[projects]]
  name = "github.com/Pallinder/go-randomdata"
  packages = ["."]
  revision = "97a2356fcab20708fb8ae46cbbf69a5bc9feca63"
  version = "v1.1.0"

[solve-meta]
  analyzer-name = "dep"
  analyzer-version = 1
  inputs-digest = "b79ce8efcbbe41c25647d336865166fa70a30558f2fe1b7d2d1bbf9e35300dce"
  solver-name = "gps-cdcl"
  solver-version = 1
